
Microsoft Visual Studio Solution File, Format Version 12.00
# Visual Studio Version 16
VisualStudioVersion = 16.0.32002.261
MinimumVisualStudioVersion = 10.0.40219.1
Project("{FAE04EC0-301F-11D3-BF4B-00C04F79EFBC}") = "23 Laba", "23 Laba\23 Laba.csproj", "{8FF84330-517E-4BED-A6EF-AA6B597FFCAD}"
EndProject
Global
	GlobalSection(SolutionConfigurationPlatforms) = preSolution
		Debug|Any CPU = Debug|Any CPU
		Release|Any CPU = Release|Any CPU
	EndGlobalSection
	GlobalSection(ProjectConfigurationPlatforms) = postSolution
		{8FF84330-517E-4BED-A6EF-AA6B597FFCAD}.Debug|Any CPU.ActiveCfg = Debug|Any CPU
		{8FF84330-517E-4BED-A6EF-AA6B597FFCAD}.Debug|Any CPU.Build.0 = Debug|Any CPU
		{8FF84330-517E-4BED-A6EF-AA6B597FFCAD}.Release|Any CPU.ActiveCfg = Release|Any CPU
		{8FF84330-517E-4BED-A6EF-AA6B597FFCAD}.Release|Any CPU.Build.0 = Release|Any CPU
	EndGlobalSection
	GlobalSection(SolutionProperties) = preSolution
		HideSolutionNode = FALSE
	EndGlobalSection
	GlobalSection(ExtensibilityGlobals) = postSolution
		SolutionGuid = {4EC34839-BC16-4B95-82E9-EF4F912926F9}
	EndGlobalSection
EndGlobal
